
Microsoft Visual Studio Solution File, Format Version 12.00
# Visual Studio Version 17
VisualStudioVersion = 17.4.33103.184
MinimumVisualStudioVersion = 10.0.40219.1
Project("{FAE04EC0-301F-11D3-BF4B-00C04F79EFBC}") = "Stock", "Stock\Stock.csproj", "{09C3D900-4680-4C7A-8B70-1CF617800592}"
EndProject
Project("{FAE04EC0-301F-11D3-BF4B-00C04F79EFBC}") = "CatchStockInfo", "CatchStockInfo\CatchStockInfo.csproj", "{CA516C9C-79FB-401C-B954-F2D19F4DEC23}"
EndProject
Global
	GlobalSection(SolutionConfigurationPlatforms) = preSolution
		Debug|Any CPU = Debug|Any CPU
		Release|Any CPU = Release|Any CPU
	EndGlobalSection
	GlobalSection(ProjectConfigurationPlatforms) = postSolution
		{09C3D900-4680-4C7A-8B70-1CF617800592}.Debug|Any CPU.ActiveCfg = Debug|Any CPU
		{09C3D900-4680-4C7A-8B70-1CF617800592}.Debug|Any CPU.Build.0 = Debug|Any CPU
		{09C3D900-4680-4C7A-8B70-1CF617800592}.Release|Any CPU.ActiveCfg = Release|Any CPU
		{09C3D900-4680-4C7A-8B70-1CF617800592}.Release|Any CPU.Build.0 = Release|Any CPU
		{CA516C9C-79FB-401C-B954-F2D19F4DEC23}.Debug|Any CPU.ActiveCfg = Debug|Any CPU
		{CA516C9C-79FB-401C-B954-F2D19F4DEC23}.Debug|Any CPU.Build.0 = Debug|Any CPU
		{CA516C9C-79FB-401C-B954-F2D19F4DEC23}.Release|Any CPU.ActiveCfg = Release|Any CPU
		{CA516C9C-79FB-401C-B954-F2D19F4DEC23}.Release|Any CPU.Build.0 = Release|Any CPU
	EndGlobalSection
	GlobalSection(SolutionProperties) = preSolution
		HideSolutionNode = FALSE
	EndGlobalSection
	GlobalSection(ExtensibilityGlobals) = postSolution
		SolutionGuid = {D3DF4421-DAD5-403E-B45D-4045AE2F9505}
	EndGlobalSection
EndGlobal
